
Microsoft Visual Studio Solution File, Format Version 12.00
# Visual Studio Version 16
VisualStudioVersion = 16.0.32413.511
MinimumVisualStudioVersion = 10.0.40219.1
Project("{8BC9CEB8-8B4A-11D0-8D11-00A0C91BC942}") = "350 - Pseudo-Random Numbers", "350 - Pseudo-Random Numbers\350 - Pseudo-Random Numbers.vcxproj", "{CD3BFA53-9AD1-49FD-B81D-BAB4DDA6D028}"
EndProject
Global
	GlobalSection(SolutionConfigurationPlatforms) = preSolution
		Debug|x64 = Debug|x64
		Debug|x86 = Debug|x86
		Release|x64 = Release|x64
		Release|x86 = Release|x86
	EndGlobalSection
	GlobalSection(ProjectConfigurationPlatforms) = postSolution
		{CD3BFA53-9AD1-49FD-B81D-BAB4DDA6D028}.Debug|x64.ActiveCfg = Debug|x64
		{CD3BFA53-9AD1-49FD-B81D-BAB4DDA6D028}.Debug|x64.Build.0 = Debug|x64
		{CD3BFA53-9AD1-49FD-B81D-BAB4DDA6D028}.Debug|x86.ActiveCfg = Debug|Win32
		{CD3BFA53-9AD1-49FD-B81D-BAB4DDA6D028}.Debug|x86.Build.0 = Debug|Win32
		{CD3BFA53-9AD1-49FD-B81D-BAB4DDA6D028}.Release|x64.ActiveCfg = Release|x64
		{CD3BFA53-9AD1-49FD-B81D-BAB4DDA6D028}.Release|x64.Build.0 = Release|x64
		{CD3BFA53-9AD1-49FD-B81D-BAB4DDA6D028}.Release|x86.ActiveCfg = Release|Win32
		{CD3BFA53-9AD1-49FD-B81D-BAB4DDA6D028}.Release|x86.Build.0 = Release|Win32
	EndGlobalSection
	GlobalSection(SolutionProperties) = preSolution
		HideSolutionNode = FALSE
	EndGlobalSection
	GlobalSection(ExtensibilityGlobals) = postSolution
		SolutionGuid = {47E80C65-16D6-4C5E-95FD-D01A7CB317AE}
	EndGlobalSection
EndGlobal
